
Microsoft Visual Studio Solution File, Format Version 12.00
# Visual Studio Version 17
VisualStudioVersion = 17.14.36915.13 d17.14
MinimumVisualStudioVersion = 10.0.40219.1
Project("{FAE04EC0-301F-11D3-BF4B-00C04F79EFBC}") = "Tutorial 9-3-3", "Tutorial 9-3-3\Tutorial 9-3-3.csproj", "{F87E643A-EB20-4C94-81AB-F8C80923E56E}"
EndProject
Global
	GlobalSection(SolutionConfigurationPlatforms) = preSolution
		Debug|Any CPU = Debug|Any CPU
		Release|Any CPU = Release|Any CPU
	EndGlobalSection
	GlobalSection(ProjectConfigurationPlatforms) = postSolution
		{F87E643A-EB20-4C94-81AB-F8C80923E56E}.Debug|Any CPU.ActiveCfg = Debug|Any CPU
		{F87E643A-EB20-4C94-81AB-F8C80923E56E}.Debug|Any CPU.Build.0 = Debug|Any CPU
		{F87E643A-EB20-4C94-81AB-F8C80923E56E}.Release|Any CPU.ActiveCfg = Release|Any CPU
		{F87E643A-EB20-4C94-81AB-F8C80923E56E}.Release|Any CPU.Build.0 = Release|Any CPU
	EndGlobalSection
	GlobalSection(SolutionProperties) = preSolution
		HideSolutionNode = FALSE
	EndGlobalSection
	GlobalSection(ExtensibilityGlobals) = postSolution
		SolutionGuid = {7F3D0147-FAB7-407F-A8AE-6AF664A6EE17}
	EndGlobalSection
EndGlobal
